
Microsoft Visual Studio Solution File, Format Version 12.00
# Visual Studio 15
VisualStudioVersion = 15.0.28307.168
MinimumVisualStudioVersion = 10.0.40219.1
Project("{FAE04EC0-301F-11D3-BF4B-00C04F79EFBC}") = "EasySoccer.WebApp", "EasySoccer.WebApp\EasySoccer.WebApp.csproj", "{0E359E4B-2B68-4CB8-A272-AB4F2D69D134}"
EndProject
Global
	GlobalSection(SolutionConfigurationPlatforms) = preSolution
		Debug|Any CPU = Debug|Any CPU
		Release|Any CPU = Release|Any CPU
	EndGlobalSection
	GlobalSection(ProjectConfigurationPlatforms) = postSolution
		{0E359E4B-2B68-4CB8-A272-AB4F2D69D134}.Debug|Any CPU.ActiveCfg = Debug|Any CPU
		{0E359E4B-2B68-4CB8-A272-AB4F2D69D134}.Debug|Any CPU.Build.0 = Debug|Any CPU
		{0E359E4B-2B68-4CB8-A272-AB4F2D69D134}.Release|Any CPU.ActiveCfg = Release|Any CPU
		{0E359E4B-2B68-4CB8-A272-AB4F2D69D134}.Release|Any CPU.Build.0 = Release|Any CPU
	EndGlobalSection
	GlobalSection(SolutionProperties) = preSolution
		HideSolutionNode = FALSE
	EndGlobalSection
	GlobalSection(ExtensibilityGlobals) = postSolution
		SolutionGuid = {D5BB81C8-DFCB-416C-8D07-E4965BE7CE7E}
	EndGlobalSection
EndGlobal
